
Microsoft Visual Studio Solution File, Format Version 12.00
# Visual Studio Version 17
VisualStudioVersion = 17.13.35828.75 d17.13
MinimumVisualStudioVersion = 10.0.40219.1
Project("{FAE04EC0-301F-11D3-BF4B-00C04F79EFBC}") = "Application.Shared", "Application.Shared.csproj", "{9BCF30F7-938F-41B2-BCF7-B269BCEF916E}"
EndProject
Global
	GlobalSection(SolutionConfigurationPlatforms) = preSolution
		Debug|Any CPU = Debug|Any CPU
		Release|Any CPU = Release|Any CPU
	EndGlobalSection
	GlobalSection(ProjectConfigurationPlatforms) = postSolution
		{9BCF30F7-938F-41B2-BCF7-B269BCEF916E}.Debug|Any CPU.ActiveCfg = Debug|Any CPU
		{9BCF30F7-938F-41B2-BCF7-B269BCEF916E}.Debug|Any CPU.Build.0 = Debug|Any CPU
		{9BCF30F7-938F-41B2-BCF7-B269BCEF916E}.Release|Any CPU.ActiveCfg = Release|Any CPU
		{9BCF30F7-938F-41B2-BCF7-B269BCEF916E}.Release|Any CPU.Build.0 = Release|Any CPU
	EndGlobalSection
	GlobalSection(SolutionProperties) = preSolution
		HideSolutionNode = FALSE
	EndGlobalSection
	GlobalSection(ExtensibilityGlobals) = postSolution
		SolutionGuid = {3E29B4E5-60C0-40C8-92E4-1FD84862ED8D}
	EndGlobalSection
EndGlobal
